Microsoft Visual Studio Solution File, Format Version 12.00
# Visual Studio Version 17
VisualStudioVersion = 17.5.2.0
MinimumVisualStudioVersion = 10.0.40219.1
Project("{FAE04EC0-301F-11D3-BF4B-00C04F79EFBC}") = "AgriRent.Web", "AgriRent.Web.csproj", "{B0C8383E-8ED6-FEAC-46D4-B4D5DB20D9E7}"
EndProject
Global
	GlobalSection(SolutionConfigurationPlatforms) = preSolution
		Debug|Any CPU = Debug|Any CPU
		Release|Any CPU = Release|Any CPU
	EndGlobalSection
	GlobalSection(ProjectConfigurationPlatforms) = postSolution
		{B0C8383E-8ED6-FEAC-46D4-B4D5DB20D9E7}.Debug|Any CPU.ActiveCfg = Debug|Any CPU
		{B0C8383E-8ED6-FEAC-46D4-B4D5DB20D9E7}.Debug|Any CPU.Build.0 = Debug|Any CPU
		{B0C8383E-8ED6-FEAC-46D4-B4D5DB20D9E7}.Release|Any CPU.ActiveCfg = Release|Any CPU
		{B0C8383E-8ED6-FEAC-46D4-B4D5DB20D9E7}.Release|Any CPU.Build.0 = Release|Any CPU
	EndGlobalSection
	GlobalSection(SolutionProperties) = preSolution
		HideSolutionNode = FALSE
	EndGlobalSection
	GlobalSection(ExtensibilityGlobals) = postSolution
		SolutionGuid = {1C58CFE9-FD56-4EB1-909B-95C1798C7D99}
	EndGlobalSection
EndGlobal
